
Microsoft Visual Studio Solution File, Format Version 12.00
# Visual Studio Version 17
VisualStudioVersion = 17.4.33122.133
MinimumVisualStudioVersion = 10.0.40219.1
Project("{E24C65DC-7377-472B-9ABA-BC803B73C61A}") = "AGAMENNONE", ".", "{C5184FB0-6B39-41A6-9970-4EF04222B328}"
	ProjectSection(WebsiteProperties) = preProject
		TargetFrameworkMoniker = ".NETFramework,Version%3Dv4.8"
		Debug.AspNetCompiler.VirtualPath = "/localhost_51326"
		Debug.AspNetCompiler.PhysicalPath = "..\AGAMENNONE\"
		Debug.AspNetCompiler.TargetPath = "PrecompiledWeb\localhost_51326\"
		Debug.AspNetCompiler.Updateable = "true"
		Debug.AspNetCompiler.ForceOverwrite = "true"
		Debug.AspNetCompiler.FixedNames = "false"
		Debug.AspNetCompiler.Debug = "True"
		Release.AspNetCompiler.VirtualPath = "/localhost_51326"
		Release.AspNetCompiler.PhysicalPath = "..\AGAMENNONE\"
		Release.AspNetCompiler.TargetPath = "PrecompiledWeb\localhost_51326\"
		Release.AspNetCompiler.Updateable = "true"
		Release.AspNetCompiler.ForceOverwrite = "true"
		Release.AspNetCompiler.FixedNames = "false"
		Release.AspNetCompiler.Debug = "False"
		VWDPort = "51326"
		SlnRelativePath = "..\AGAMENNONE\"
		DefaultWebSiteLanguage = "Visual C#"
	EndProjectSection
EndProject
Global
	GlobalSection(SolutionConfigurationPlatforms) = preSolution
		Debug|Any CPU = Debug|Any CPU
	EndGlobalSection
	GlobalSection(ProjectConfigurationPlatforms) = postSolution
		{C5184FB0-6B39-41A6-9970-4EF04222B328}.Debug|Any CPU.ActiveCfg = Debug|Any CPU
		{C5184FB0-6B39-41A6-9970-4EF04222B328}.Debug|Any CPU.Build.0 = Debug|Any CPU
	EndGlobalSection
	GlobalSection(SolutionProperties) = preSolution
		HideSolutionNode = FALSE
	EndGlobalSection
	GlobalSection(ExtensibilityGlobals) = postSolution
		SolutionGuid = {0B8DE79B-3D36-4F9E-8BDC-BFDFC7F0B6D7}
	EndGlobalSection
EndGlobal
